
Microsoft Visual Studio Solution File, Format Version 12.00
# Visual Studio Version 17
VisualStudioVersion = 17.14.36221.1
MinimumVisualStudioVersion = 10.0.40219.1
Project("{FAE04EC0-301F-11D3-BF4B-00C04F79EFBC}") = "NetCore_SqlServerHybridCache.Shared", "NetCore_SqlServerHybridCache.Shared\NetCore_SqlServerHybridCache.Shared.csproj", "{051636B8-0EA0-401B-B4EA-2CFE7A2987CF}"
EndProject
Project("{FAE04EC0-301F-11D3-BF4B-00C04F79EFBC}") = "NetCore_SqlServerDistributedCache.Models", "NetCore_SqlServerDistributedCache.Models\NetCore_SqlServerDistributedCache.Models.csproj", "{85AC8B6C-9625-47B2-B78E-3AC6A75BAC55}"
EndProject
Project("{FAE04EC0-301F-11D3-BF4B-00C04F79EFBC}") = "NetCore_SqlServerDistributedCache.Client", "NetCore_SqlServerDistributedCache.Client\NetCore_SqlServerDistributedCache.Client.csproj", "{7CC31919-5E92-4656-B35F-E0253069BB44}"
EndProject
Project("{FAE04EC0-301F-11D3-BF4B-00C04F79EFBC}") = "NetCore_SqlServerHybridCache.Services", "NetCore_SqlServerHybridCache.Services\NetCore_SqlServerHybridCache.Services.csproj", "{0B1C2F92-53B1-481F-9A06-FA446B824004}"
EndProject
Project("{00D1A9C2-B5F0-4AF3-8072-F6C62B433612}") = "NetCore_SqlServerDistributedCache.DB", "NetCore_SqlServerDistributedCache.DB\NetCore_SqlServerDistributedCache.DB.sqlproj", "{F2C7E0CE-3A11-48B7-933E-D617793E6909}"
EndProject
Project("{FAE04EC0-301F-11D3-BF4B-00C04F79EFBC}") = "NetCore_SqlServerHybridCache.Aspire.AppHost", "NetCore_SqlServerHybridCache.Aspire\NetCore_SqlServerHybridCache.Aspire.AppHost\NetCore_SqlServerHybridCache.Aspire.AppHost.csproj", "{87B7C50E-9F66-4DFB-8C6D-8920086EAF3A}"
EndProject
Project("{FAE04EC0-301F-11D3-BF4B-00C04F79EFBC}") = "NetCore_SqlServerHybridCache.Aspire.ServiceDefaults", "NetCore_SqlServerHybridCache.Aspire\NetCore_SqlServerHybridCache.Aspire.ServiceDefaults\NetCore_SqlServerHybridCache.Aspire.ServiceDefaults.csproj", "{F915CBDA-3943-DC03-7BDA-7E4E3C46D51B}"
EndProject
Project("{FAE04EC0-301F-11D3-BF4B-00C04F79EFBC}") = "NetCore_SqlServerHybridCache.Aspire.ApiService", "NetCore_SqlServerHybridCache.Aspire\NetCore_SqlServerHybridCache.Aspire.ApiService\NetCore_SqlServerHybridCache.Aspire.ApiService.csproj", "{7AC3A763-23BC-DE2C-80BF-5979930C7461}"
EndProject
Project("{FAE04EC0-301F-11D3-BF4B-00C04F79EFBC}") = "NetCore_SqlServerHybridCache.Aspire.Web", "NetCore_SqlServerHybridCache.Aspire\NetCore_SqlServerHybridCache.Aspire.Web\NetCore_SqlServerHybridCache.Aspire.Web.csproj", "{81CF0714-5F00-AD2B-07C1-DBFE8B480C69}"
EndProject
Global
	GlobalSection(SolutionConfigurationPlatforms) = preSolution
		Debug|Any CPU = Debug|Any CPU
		Release|Any CPU = Release|Any CPU
	EndGlobalSection
	GlobalSection(ProjectConfigurationPlatforms) = postSolution
		{051636B8-0EA0-401B-B4EA-2CFE7A2987CF}.Debug|Any CPU.ActiveCfg = Debug|Any CPU
		{051636B8-0EA0-401B-B4EA-2CFE7A2987CF}.Debug|Any CPU.Build.0 = Debug|Any CPU
		{051636B8-0EA0-401B-B4EA-2CFE7A2987CF}.Release|Any CPU.ActiveCfg = Release|Any CPU
		{051636B8-0EA0-401B-B4EA-2CFE7A2987CF}.Release|Any CPU.Build.0 = Release|Any CPU
		{85AC8B6C-9625-47B2-B78E-3AC6A75BAC55}.Debug|Any CPU.ActiveCfg = Debug|Any CPU
		{85AC8B6C-9625-47B2-B78E-3AC6A75BAC55}.Debug|Any CPU.Build.0 = Debug|Any CPU
		{85AC8B6C-9625-47B2-B78E-3AC6A75BAC55}.Release|Any CPU.ActiveCfg = Release|Any CPU
		{85AC8B6C-9625-47B2-B78E-3AC6A75BAC55}.Release|Any CPU.Build.0 = Release|Any CPU
		{7CC31919-5E92-4656-B35F-E0253069BB44}.Debug|Any CPU.ActiveCfg = Debug|Any CPU
		{7CC31919-5E92-4656-B35F-E0253069BB44}.Debug|Any CPU.Build.0 = Debug|Any CPU
		{7CC31919-5E92-4656-B35F-E0253069BB44}.Release|Any CPU.ActiveCfg = Release|Any CPU
		{7CC31919-5E92-4656-B35F-E0253069BB44}.Release|Any CPU.Build.0 = Release|Any CPU
		{0B1C2F92-53B1-481F-9A06-FA446B824004}.Debug|Any CPU.ActiveCfg = Debug|Any CPU
		{0B1C2F92-53B1-481F-9A06-FA446B824004}.Debug|Any CPU.Build.0 = Debug|Any CPU
		{0B1C2F92-53B1-481F-9A06-FA446B824004}.Release|Any CPU.ActiveCfg = Release|Any CPU
		{0B1C2F92-53B1-481F-9A06-FA446B824004}.Release|Any CPU.Build.0 = Release|Any CPU
		{F2C7E0CE-3A11-48B7-933E-D617793E6909}.Debug|Any CPU.ActiveCfg = Debug|Any CPU
		{F2C7E0CE-3A11-48B7-933E-D617793E6909}.Debug|Any CPU.Build.0 = Debug|Any CPU
		{F2C7E0CE-3A11-48B7-933E-D617793E6909}.Debug|Any CPU.Deploy.0 = Debug|Any CPU
		{F2C7E0CE-3A11-48B7-933E-D617793E6909}.Release|Any CPU.ActiveCfg = Release|Any CPU
		{F2C7E0CE-3A11-48B7-933E-D617793E6909}.Release|Any CPU.Build.0 = Release|Any CPU
		{F2C7E0CE-3A11-48B7-933E-D617793E6909}.Release|Any CPU.Deploy.0 = Release|Any CPU
		{87B7C50E-9F66-4DFB-8C6D-8920086EAF3A}.Debug|Any CPU.ActiveCfg = Debug|Any CPU
		{87B7C50E-9F66-4DFB-8C6D-8920086EAF3A}.Debug|Any CPU.Build.0 = Debug|Any CPU
		{87B7C50E-9F66-4DFB-8C6D-8920086EAF3A}.Release|Any CPU.ActiveCfg = Release|Any CPU
		{87B7C50E-9F66-4DFB-8C6D-8920086EAF3A}.Release|Any CPU.Build.0 = Release|Any CPU
		{F915CBDA-3943-DC03-7BDA-7E4E3C46D51B}.Debug|Any CPU.ActiveCfg = Debug|Any CPU
		{F915CBDA-3943-DC03-7BDA-7E4E3C46D51B}.Debug|Any CPU.Build.0 = Debug|Any CPU
		{F915CBDA-3943-DC03-7BDA-7E4E3C46D51B}.Release|Any CPU.ActiveCfg = Release|Any CPU
		{F915CBDA-3943-DC03-7BDA-7E4E3C46D51B}.Release|Any CPU.Build.0 = Release|Any CPU
		{7AC3A763-23BC-DE2C-80BF-5979930C7461}.Debug|Any CPU.ActiveCfg = Debug|Any CPU
		{7AC3A763-23BC-DE2C-80BF-5979930C7461}.Debug|Any CPU.Build.0 = Debug|Any CPU
		{7AC3A763-23BC-DE2C-80BF-5979930C7461}.Release|Any CPU.ActiveCfg = Release|Any CPU
		{7AC3A763-23BC-DE2C-80BF-5979930C7461}.Release|Any CPU.Build.0 = Release|Any CPU
		{81CF0714-5F00-AD2B-07C1-DBFE8B480C69}.Debug|Any CPU.ActiveCfg = Debug|Any CPU
		{81CF0714-5F00-AD2B-07C1-DBFE8B480C69}.Debug|Any CPU.Build.0 = Debug|Any CPU
		{81CF0714-5F00-AD2B-07C1-DBFE8B480C69}.Release|Any CPU.ActiveCfg = Release|Any CPU
		{81CF0714-5F00-AD2B-07C1-DBFE8B480C69}.Release|Any CPU.Build.0 = Release|Any CPU
	EndGlobalSection
	GlobalSection(SolutionProperties) = preSolution
		HideSolutionNode = FALSE
	EndGlobalSection
	GlobalSection(ExtensibilityGlobals) = postSolution
		SolutionGuid = {810FDFE5-E455-4308-955B-055E26AE8554}
	EndGlobalSection
EndGlobal
